// !$*UTF8*$!
{
	archiveVersion = 1;
	classes = {
	};
	objectVersion = 56;
	objects = {

/* Begin PBXBuildFile section */
		CC229D622BDBC89700DC57D0 /* Algorithms in Frameworks */ = {isa = PBXBuildFile; productRef = CC229D612BDBC89700DC57D0 /* Algorithms */; };
		CC4EAC9F2BD1A03D00DF94ED /* Parser.swift in Sources */ = {isa = PBXBuildFile; fileRef = CC4EAC9E2BD1A03D00DF94ED /* Parser.swift */; };
		CC4EACA72BD1A90E00DF94ED /* CalcalTests.swift in Sources */ = {isa = PBXBuildFile; fileRef = CC4EACA62BD1A90E00DF94ED /* CalcalTests.swift */; };
		CC5FF3B52BDFA49400C9DAD3 /* Mapper.swift in Sources */ = {isa = PBXBuildFile; fileRef = CC5FF3B42BDFA49400C9DAD3 /* Mapper.swift */; };
		CC5FF3B72BDFB1C500C9DAD3 /* MainViewPhone.swift in Sources */ = {isa = PBXBuildFile; fileRef = CC5FF3B62BDFB1C500C9DAD3 /* MainViewPhone.swift */; };
		CC5FF3BA2BDFEC2600C9DAD3 /* password.txt in Resources */ = {isa = PBXBuildFile; fileRef = CC5FF3B92BDFEC2600C9DAD3 /* password.txt */; };
		CCFE26102BCBEEB50032FD48 /* CalcalApp.swift in Sources */ = {isa = PBXBuildFile; fileRef = CCFE260F2BCBEEB50032FD48 /* CalcalApp.swift */; };
		CCFE26122BCBEEB50032FD48 /* MainViewDesktop.swift in Sources */ = {isa = PBXBuildFile; fileRef = CCFE26112BCBEEB50032FD48 /* MainViewDesktop.swift */; };
		CCFE26142BCBEEB50032FD48 /* Assets.xcassets in Resources */ = {isa = PBXBuildFile; fileRef = CCFE26132BCBEEB50032FD48 /* Assets.xcassets */; };
		CCFE26182BCBEEB50032FD48 /* Preview Assets.xcassets in Resources */ = {isa = PBXBuildFile; fileRef = CCFE26172BCBEEB50032FD48 /* Preview Assets.xcassets */; };
		CCFE261F2BCBF05B0032FD48 /* EntryView.swift in Sources */ = {isa = PBXBuildFile; fileRef = CCFE261E2BCBF05B0032FD48 /* EntryView.swift */; };
		CCFE26232BCBF1050032FD48 /* MainViewModel.swift in Sources */ = {isa = PBXBuildFile; fileRef = CCFE26222BCBF1050032FD48 /* MainViewModel.swift */; };
		CCFE26262BCBF43A0032FD48 /* InputView.swift in Sources */ = {isa = PBXBuildFile; fileRef = CCFE26252BCBF43A0032FD48 /* InputView.swift */; };
		CCFE26282BCC12FC0032FD48 /* ButtonView.swift in Sources */ = {isa = PBXBuildFile; fileRef = CCFE26272BCC12FC0032FD48 /* ButtonView.swift */; };
		CCFE262A2BCC18D40032FD48 /* InputViewModel.swift in Sources */ = {isa = PBXBuildFile; fileRef = CCFE26292BCC18D40032FD48 /* InputViewModel.swift */; };
		CCFE262D2BCC49D80032FD48 /* Entity.swift in Sources */ = {isa = PBXBuildFile; fileRef = CCFE262C2BCC49D80032FD48 /* Entity.swift */; };
		CCFE262F2BCC4E380032FD48 /* Extensions.swift in Sources */ = {isa = PBXBuildFile; fileRef = CCFE262E2BCC4E380032FD48 /* Extensions.swift */; };
		CCFE26312BCEE2310032FD48 /* Model.swift in Sources */ = {isa = PBXBuildFile; fileRef = CCFE26302BCEE2310032FD48 /* Model.swift */; };
/* End PBXBuildFile section */

/* Begin PBXContainerItemProxy section */
		CC4EACA82BD1A90E00DF94ED /* PBXContainerItemProxy */ = {
			isa = PBXContainerItemProxy;
			containerPortal = CCFE26042BCBEEB50032FD48 /* Project object */;
			proxyType = 1;
			remoteGlobalIDString = CCFE260B2BCBEEB50032FD48;
			remoteInfo = Calcal;
		};
/* End PBXContainerItemProxy section */

/* Begin PBXFileReference section */
		CC4EAC9E2BD1A03D00DF94ED /* Parser.swift */ = {isa = PBXFileReference; lastKnownFileType = sourcecode.swift; path = Parser.swift; sourceTree = "<group>"; };
		CC4EACA42BD1A90E00DF94ED /* CalcalTests.xctest */ = {isa = PBXFileReference; explicitFileType = wrapper.cfbundle; includeInIndex = 0; path = CalcalTests.xctest; sourceTree = BUILT_PRODUCTS_DIR; };
		CC4EACA62BD1A90E00DF94ED /* CalcalTests.swift */ = {isa = PBXFileReference; lastKnownFileType = sourcecode.swift; path = CalcalTests.swift; sourceTree = "<group>"; };
		CC5FF3B42BDFA49400C9DAD3 /* Mapper.swift */ = {isa = PBXFileReference; lastKnownFileType = sourcecode.swift; path = Mapper.swift; sourceTree = "<group>"; };
		CC5FF3B62BDFB1C500C9DAD3 /* MainViewPhone.swift */ = {isa = PBXFileReference; lastKnownFileType = sourcecode.swift; path = MainViewPhone.swift; sourceTree = "<group>"; };
		CC5FF3B92BDFEC2600C9DAD3 /* password.txt */ = {isa = PBXFileReference; lastKnownFileType = text; path = password.txt; sourceTree = "<group>"; };
		CCFE260C2BCBEEB50032FD48 /* Calcal.app */ = {isa = PBXFileReference; explicitFileType = wrapper.application; includeInIndex = 0; path = Calcal.app; sourceTree = BUILT_PRODUCTS_DIR; };
		CCFE260F2BCBEEB50032FD48 /* CalcalApp.swift */ = {isa = PBXFileReference; lastKnownFileType = sourcecode.swift; path = CalcalApp.swift; sourceTree = "<group>"; };
		CCFE26112BCBEEB50032FD48 /* MainViewDesktop.swift */ = {isa = PBXFileReference; lastKnownFileType = sourcecode.swift; path = MainViewDesktop.swift; sourceTree = "<group>"; };
		CCFE26132BCBEEB50032FD48 /* Assets.xcassets */ = {isa = PBXFileReference; lastKnownFileType = folder.assetcatalog; path = Assets.xcassets; sourceTree = "<group>"; };
		CCFE26152BCBEEB50032FD48 /* Calcal.entitlements */ = {isa = PBXFileReference; lastKnownFileType = text.plist.entitlements; path = Calcal.entitlements; sourceTree = "<group>"; };
		CCFE26172BCBEEB50032FD48 /* Preview Assets.xcassets */ = {isa = PBXFileReference; lastKnownFileType = folder.assetcatalog; path = "Preview Assets.xcassets"; sourceTree = "<group>"; };
		CCFE261E2BCBF05B0032FD48 /* EntryView.swift */ = {isa = PBXFileReference; lastKnownFileType = sourcecode.swift; path = EntryView.swift; sourceTree = "<group>"; };
		CCFE26222BCBF1050032FD48 /* MainViewModel.swift */ = {isa = PBXFileReference; lastKnownFileType = sourcecode.swift; path = MainViewModel.swift; sourceTree = "<group>"; };
		CCFE26252BCBF43A0032FD48 /* InputView.swift */ = {isa = PBXFileReference; lastKnownFileType = sourcecode.swift; path = InputView.swift; sourceTree = "<group>"; };
		CCFE26272BCC12FC0032FD48 /* ButtonView.swift */ = {isa = PBXFileReference; lastKnownFileType = sourcecode.swift; path = ButtonView.swift; sourceTree = "<group>"; };
		CCFE26292BCC18D40032FD48 /* InputViewModel.swift */ = {isa = PBXFileReference; lastKnownFileType = sourcecode.swift; path = InputViewModel.swift; sourceTree = "<group>"; };
		CCFE262C2BCC49D80032FD48 /* Entity.swift */ = {isa = PBXFileReference; lastKnownFileType = sourcecode.swift; path = Entity.swift; sourceTree = "<group>"; };
		CCFE262E2BCC4E380032FD48 /* Extensions.swift */ = {isa = PBXFileReference; lastKnownFileType = sourcecode.swift; path = Extensions.swift; sourceTree = "<group>"; };
		CCFE26302BCEE2310032FD48 /* Model.swift */ = {isa = PBXFileReference; lastKnownFileType = sourcecode.swift; path = Model.swift; sourceTree = "<group>"; };
/* End PBXFileReference section */

/* Begin PBXFrameworksBuildPhase section */
		CC4EACA12BD1A90E00DF94ED /* Frameworks */ = {
			isa = PBXFrameworksBuildPhase;
			buildActionMask = 2147483647;
			files = (
			);
			runOnlyForDeploymentPostprocessing = 0;
		};
		CCFE26092BCBEEB50032FD48 /* Frameworks */ = {
			isa = PBXFrameworksBuildPhase;
			buildActionMask = 2147483647;
			files = (
				CC229D622BDBC89700DC57D0 /* Algorithms in Frameworks */,
			);
			runOnlyForDeploymentPostprocessing = 0;
		};
/* End PBXFrameworksBuildPhase section */

/* Begin PBXGroup section */
		CC229D602BDBC89700DC57D0 /* Frameworks */ = {
			isa = PBXGroup;
			children = (
			);
			name = Frameworks;
			sourceTree = "<group>";
		};
		CC4EACA52BD1A90E00DF94ED /* CalcalTests */ = {
			isa = PBXGroup;
			children = (
				CC4EACA62BD1A90E00DF94ED /* CalcalTests.swift */,
			);
			path = CalcalTests;
			sourceTree = "<group>";
		};
		CC5FF3B82BDFB20000C9DAD3 /* ViewModel */ = {
			isa = PBXGroup;
			children = (
				CCFE26292BCC18D40032FD48 /* InputViewModel.swift */,
				CCFE26222BCBF1050032FD48 /* MainViewModel.swift */,
			);
			path = ViewModel;
			sourceTree = "<group>";
		};
		CCFE26032BCBEEB50032FD48 = {
			isa = PBXGroup;
			children = (
				CC5FF3B92BDFEC2600C9DAD3 /* password.txt */,
				CCFE260E2BCBEEB50032FD48 /* Calcal */,
				CC4EACA52BD1A90E00DF94ED /* CalcalTests */,
				CCFE260D2BCBEEB50032FD48 /* Products */,
				CC229D602BDBC89700DC57D0 /* Frameworks */,
			);
			sourceTree = "<group>";
		};
		CCFE260D2BCBEEB50032FD48 /* Products */ = {
			isa = PBXGroup;
			children = (
				CCFE260C2BCBEEB50032FD48 /* Calcal.app */,
				CC4EACA42BD1A90E00DF94ED /* CalcalTests.xctest */,
			);
			name = Products;
			sourceTree = "<group>";
		};
		CCFE260E2BCBEEB50032FD48 /* Calcal */ = {
			isa = PBXGroup;
			children = (
				CC5FF3B82BDFB20000C9DAD3 /* ViewModel */,
				CCFE26202BCBF0F50032FD48 /* Screen */,
				CCFE262B2BCC49AE0032FD48 /* Model */,
				CCFE26212BCBF0F90032FD48 /* Subviews */,
				CCFE260F2BCBEEB50032FD48 /* CalcalApp.swift */,
				CCFE26132BCBEEB50032FD48 /* Assets.xcassets */,
				CCFE26152BCBEEB50032FD48 /* Calcal.entitlements */,
				CCFE26162BCBEEB50032FD48 /* Preview Content */,
				CCFE262E2BCC4E380032FD48 /* Extensions.swift */,
			);
			path = Calcal;
			sourceTree = "<group>";
		};
		CCFE26162BCBEEB50032FD48 /* Preview Content */ = {
			isa = PBXGroup;
			children = (
				CCFE26172BCBEEB50032FD48 /* Preview Assets.xcassets */,
			);
			path = "Preview Content";
			sourceTree = "<group>";
		};
		CCFE26202BCBF0F50032FD48 /* Screen */ = {
			isa = PBXGroup;
			children = (
				CCFE26252BCBF43A0032FD48 /* InputView.swift */,
				CCFE26112BCBEEB50032FD48 /* MainViewDesktop.swift */,
				CC5FF3B62BDFB1C500C9DAD3 /* MainViewPhone.swift */,
			);
			path = Screen;
			sourceTree = "<group>";
		};
		CCFE26212BCBF0F90032FD48 /* Subviews */ = {
			isa = PBXGroup;
			children = (
				CCFE261E2BCBF05B0032FD48 /* EntryView.swift */,
				CCFE26272BCC12FC0032FD48 /* ButtonView.swift */,
			);
			path = Subviews;
			sourceTree = "<group>";
		};
		CCFE262B2BCC49AE0032FD48 /* Model */ = {
			isa = PBXGroup;
			children = (
				CCFE262C2BCC49D80032FD48 /* Entity.swift */,
				CCFE26302BCEE2310032FD48 /* Model.swift */,
				CC4EAC9E2BD1A03D00DF94ED /* Parser.swift */,
				CC5FF3B42BDFA49400C9DAD3 /* Mapper.swift */,
			);
			path = Model;
			sourceTree = "<group>";
		};
/* End PBXGroup section */

/* Begin PBXNativeTarget section */
		CC4EACA32BD1A90E00DF94ED /* CalcalTests */ = {
			isa = PBXNativeTarget;
			buildConfigurationList = CC4EACAA2BD1A90E00DF94ED /* Build configuration list for PBXNativeTarget "CalcalTests" */;
			buildPhases = (
				CC4EACA02BD1A90E00DF94ED /* Sources */,
				CC4EACA12BD1A90E00DF94ED /* Frameworks */,
				CC4EACA22BD1A90E00DF94ED /* Resources */,
			);
			buildRules = (
			);
			dependencies = (
				CC4EACA92BD1A90E00DF94ED /* PBXTargetDependency */,
			);
			name = CalcalTests;
			productName = CalcalTests;
			productReference = CC4EACA42BD1A90E00DF94ED /* CalcalTests.xctest */;
			productType = "com.apple.product-type.bundle.unit-test";
		};
		CCFE260B2BCBEEB50032FD48 /* Calcal */ = {
			isa = PBXNativeTarget;
			buildConfigurationList = CCFE261B2BCBEEB50032FD48 /* Build configuration list for PBXNativeTarget "Calcal" */;
			buildPhases = (
				CCFE26082BCBEEB50032FD48 /* Sources */,
				CCFE26092BCBEEB50032FD48 /* Frameworks */,
				CCFE260A2BCBEEB50032FD48 /* Resources */,
			);
			buildRules = (
			);
			dependencies = (
			);
			name = Calcal;
			packageProductDependencies = (
				CC229D612BDBC89700DC57D0 /* Algorithms */,
			);
			productName = Calcal;
			productReference = CCFE260C2BCBEEB50032FD48 /* Calcal.app */;
			productType = "com.apple.product-type.application";
		};
/* End PBXNativeTarget section */

/* Begin PBXProject section */
		CCFE26042BCBEEB50032FD48 /* Project object */ = {
			isa = PBXProject;
			attributes = {
				BuildIndependentTargetsInParallel = 1;
				LastSwiftUpdateCheck = 1530;
				LastUpgradeCheck = 1530;
				TargetAttributes = {
					CC4EACA32BD1A90E00DF94ED = {
						CreatedOnToolsVersion = 15.3;
						TestTargetID = CCFE260B2BCBEEB50032FD48;
					};
					CCFE260B2BCBEEB50032FD48 = {
						CreatedOnToolsVersion = 15.0.1;
					};
				};
			};
			buildConfigurationList = CCFE26072BCBEEB50032FD48 /* Build configuration list for PBXProject "Calcal" */;
			compatibilityVersion = "Xcode 14.0";
			developmentRegion = en;
			hasScannedForEncodings = 0;
			knownRegions = (
				en,
				Base,
			);
			mainGroup = CCFE26032BCBEEB50032FD48;
			packageReferences = (
				CC229D5F2BDBC84000DC57D0 /* XCRemoteSwiftPackageReference "swift-algorithms" */,
			);
			productRefGroup = CCFE260D2BCBEEB50032FD48 /* Products */;
			projectDirPath = "";
			projectRoot = "";
			targets = (
				CCFE260B2BCBEEB50032FD48 /* Calcal */,
				CC4EACA32BD1A90E00DF94ED /* CalcalTests */,
			);
		};
/* End PBXProject section */

/* Begin PBXResourcesBuildPhase section */
		CC4EACA22BD1A90E00DF94ED /* Resources */ = {
			isa = PBXResourcesBuildPhase;
			buildActionMask = 2147483647;
			files = (
			);
			runOnlyForDeploymentPostprocessing = 0;
		};
		CCFE260A2BCBEEB50032FD48 /* Resources */ = {
			isa = PBXResourcesBuildPhase;
			buildActionMask = 2147483647;
			files = (
				CCFE26182BCBEEB50032FD48 /* Preview Assets.xcassets in Resources */,
				CCFE26142BCBEEB50032FD48 /* Assets.xcassets in Resources */,
				CC5FF3BA2BDFEC2600C9DAD3 /* password.txt in Resources */,
			);
			runOnlyForDeploymentPostprocessing = 0;
		};
/* End PBXResourcesBuildPhase section */

/* Begin PBXSourcesBuildPhase section */
		CC4EACA02BD1A90E00DF94ED /* Sources */ = {
			isa = PBXSourcesBuildPhase;
			buildActionMask = 2147483647;
			files = (
				CC4EACA72BD1A90E00DF94ED /* CalcalTests.swift in Sources */,
			);
			runOnlyForDeploymentPostprocessing = 0;
		};
		CCFE26082BCBEEB50032FD48 /* Sources */ = {
			isa = PBXSourcesBuildPhase;
			buildActionMask = 2147483647;
			files = (
				CCFE26122BCBEEB50032FD48 /* MainViewDesktop.swift in Sources */,
				CC4EAC9F2BD1A03D00DF94ED /* Parser.swift in Sources */,
				CCFE262F2BCC4E380032FD48 /* Extensions.swift in Sources */,
				CCFE26282BCC12FC0032FD48 /* ButtonView.swift in Sources */,
				CC5FF3B52BDFA49400C9DAD3 /* Mapper.swift in Sources */,
				CCFE26102BCBEEB50032FD48 /* CalcalApp.swift in Sources */,
				CCFE26262BCBF43A0032FD48 /* InputView.swift in Sources */,
				CCFE26312BCEE2310032FD48 /* Model.swift in Sources */,
				CC5FF3B72BDFB1C500C9DAD3 /* MainViewPhone.swift in Sources */,
				CCFE261F2BCBF05B0032FD48 /* EntryView.swift in Sources */,
				CCFE262A2BCC18D40032FD48 /* InputViewModel.swift in Sources */,
				CCFE26232BCBF1050032FD48 /* MainViewModel.swift in Sources */,
				CCFE262D2BCC49D80032FD48 /* Entity.swift in Sources */,
			);
			runOnlyForDeploymentPostprocessing = 0;
		};
/* End PBXSourcesBuildPhase section */

/* Begin PBXTargetDependency section */
		CC4EACA92BD1A90E00DF94ED /* PBXTargetDependency */ = {
			isa = PBXTargetDependency;
			target = CCFE260B2BCBEEB50032FD48 /* Calcal */;
			targetProxy = CC4EACA82BD1A90E00DF94ED /* PBXContainerItemProxy */;
		};
/* End PBXTargetDependency section */

/* Begin XCBuildConfiguration section */
		CC4EACAB2BD1A90E00DF94ED /* Debug */ = {
			isa = XCBuildConfiguration;
			buildSettings = {
				BUNDLE_LOADER = "$(TEST_HOST)";
				CODE_SIGN_STYLE = Automatic;
				CURRENT_PROJECT_VERSION = 1;
				DEAD_CODE_STRIPPING = YES;
				DEVELOPMENT_TEAM = S422Q897FZ;
				GENERATE_INFOPLIST_FILE = YES;
				IPHONEOS_DEPLOYMENT_TARGET = 17.4;
				MACOSX_DEPLOYMENT_TARGET = 14.4;
				MARKETING_VERSION = 1.0;
				PRODUCT_BUNDLE_IDENTIFIER = com.ysoftware.CalcalTests;
				PRODUCT_NAME = "$(TARGET_NAME)";
				SDKROOT = auto;
				SUPPORTED_PLATFORMS = "iphoneos iphonesimulator macosx";
				SWIFT_EMIT_LOC_STRINGS = NO;
				SWIFT_VERSION = 5.0;
				TARGETED_DEVICE_FAMILY = "1,2";
				TEST_HOST = "$(BUILT_PRODUCTS_DIR)/Calcal.app/$(BUNDLE_EXECUTABLE_FOLDER_PATH)/Calcal";
			};
			name = Debug;
		};
		CC4EACAC2BD1A90E00DF94ED /* Release */ = {
			isa = XCBuildConfiguration;
			buildSettings = {
				BUNDLE_LOADER = "$(TEST_HOST)";
				CODE_SIGN_STYLE = Automatic;
				CURRENT_PROJECT_VERSION = 1;
				DEAD_CODE_STRIPPING = YES;
				DEVELOPMENT_TEAM = S422Q897FZ;
				GENERATE_INFOPLIST_FILE = YES;
				IPHONEOS_DEPLOYMENT_TARGET = 17.4;
				MACOSX_DEPLOYMENT_TARGET = 14.4;
				MARKETING_VERSION = 1.0;
				PRODUCT_BUNDLE_IDENTIFIER = com.ysoftware.CalcalTests;
				PRODUCT_NAME = "$(TARGET_NAME)";
				SDKROOT = auto;
				SUPPORTED_PLATFORMS = "iphoneos iphonesimulator macosx";
				SWIFT_EMIT_LOC_STRINGS = NO;
				SWIFT_VERSION = 5.0;
				TARGETED_DEVICE_FAMILY = "1,2";
				TEST_HOST = "$(BUILT_PRODUCTS_DIR)/Calcal.app/$(BUNDLE_EXECUTABLE_FOLDER_PATH)/Calcal";
			};
			name = Release;
		};
		CCFE26192BCBEEB50032FD48 /* Debug */ = {
			isa = XCBuildConfiguration;
			buildSettings = {
				ALWAYS_SEARCH_USER_PATHS = NO;
				ASSETCATALOG_COMPILER_GENERATE_SWIFT_ASSET_SYMBOL_EXTENSIONS = YES;
				CLANG_ANALYZER_NONNULL = YES;
				CLANG_ANALYZER_NUMBER_OBJECT_CONVERSION = YES_AGGRESSIVE;
				CLANG_CXX_LANGUAGE_STANDARD = "gnu++20";
				CLANG_ENABLE_MODULES = YES;
				CLANG_ENABLE_OBJC_ARC = YES;
				CLANG_ENABLE_OBJC_WEAK = YES;
				CLANG_WARN_BLOCK_CAPTURE_AUTORELEASING = YES;
				CLANG_WARN_BOOL_CONVERSION = YES;
				CLANG_WARN_COMMA = YES;
				CLANG_WARN_CONSTANT_CONVERSION = YES;
				CLANG_WARN_DEPRECATED_OBJC_IMPLEMENTATIONS = YES;
				CLANG_WARN_DIRECT_OBJC_ISA_USAGE = YES_ERROR;
				CLANG_WARN_DOCUMENTATION_COMMENTS = YES;
				CLANG_WARN_EMPTY_BODY = YES;
				CLANG_WARN_ENUM_CONVERSION = YES;
				CLANG_WARN_INFINITE_RECURSION = YES;
				CLANG_WARN_INT_CONVERSION = YES;
				CLANG_WARN_NON_LITERAL_NULL_CONVERSION = YES;
				CLANG_WARN_OBJC_IMPLICIT_RETAIN_SELF = YES;
				CLANG_WARN_OBJC_LITERAL_CONVERSION = YES;
				CLANG_WARN_OBJC_ROOT_CLASS = YES_ERROR;
				CLANG_WARN_QUOTED_INCLUDE_IN_FRAMEWORK_HEADER = YES;
				CLANG_WARN_RANGE_LOOP_ANALYSIS = YES;
				CLANG_WARN_STRICT_PROTOTYPES = YES;
				CLANG_WARN_SUSPICIOUS_MOVE = YES;
				CLANG_WARN_UNGUARDED_AVAILABILITY = YES_AGGRESSIVE;
				CLANG_WARN_UNREACHABLE_CODE = YES;
				CLANG_WARN__DUPLICATE_METHOD_MATCH = YES;
				COPY_PHASE_STRIP = NO;
				DEAD_CODE_STRIPPING = YES;
				DEBUG_INFORMATION_FORMAT = dwarf;
				ENABLE_STRICT_OBJC_MSGSEND = YES;
				ENABLE_TESTABILITY = YES;
				ENABLE_USER_SCRIPT_SANDBOXING = YES;
				GCC_C_LANGUAGE_STANDARD = gnu17;
				GCC_DYNAMIC_NO_PIC = NO;
				GCC_NO_COMMON_BLOCKS = YES;
				GCC_OPTIMIZATION_LEVEL = 0;
				GCC_PREPROCESSOR_DEFINITIONS = (
					"DEBUG=1",
					"$(inherited)",
				);
				GCC_WARN_64_TO_32_BIT_CONVERSION = YES;
				GCC_WARN_ABOUT_RETURN_TYPE = YES_ERROR;
				GCC_WARN_UNDECLARED_SELECTOR = YES;
				GCC_WARN_UNINITIALIZED_AUTOS = YES_AGGRESSIVE;
				GCC_WARN_UNUSED_FUNCTION = YES;
				GCC_WARN_UNUSED_VARIABLE = YES;
				LOCALIZATION_PREFERS_STRING_CATALOGS = YES;
				MTL_ENABLE_DEBUG_INFO = INCLUDE_SOURCE;
				MTL_FAST_MATH = YES;
				ONLY_ACTIVE_ARCH = YES;
				SWIFT_ACTIVE_COMPILATION_CONDITIONS = "DEBUG $(inherited)";
				SWIFT_OPTIMIZATION_LEVEL = "-Onone";
			};
			name = Debug;
		};
		CCFE261A2BCBEEB50032FD48 /* Release */ = {
			isa = XCBuildConfiguration;
			buildSettings = {
				ALWAYS_SEARCH_USER_PATHS = NO;
				ASSETCATALOG_COMPILER_GENERATE_SWIFT_ASSET_SYMBOL_EXTENSIONS = YES;
				CLANG_ANALYZER_NONNULL = YES;
				CLANG_ANALYZER_NUMBER_OBJECT_CONVERSION = YES_AGGRESSIVE;
				CLANG_CXX_LANGUAGE_STANDARD = "gnu++20";
				CLANG_ENABLE_MODULES = YES;
				CLANG_ENABLE_OBJC_ARC = YES;
				CLANG_ENABLE_OBJC_WEAK = YES;
				CLANG_WARN_BLOCK_CAPTURE_AUTORELEASING = YES;
				CLANG_WARN_BOOL_CONVERSION = YES;
				CLANG_WARN_COMMA = YES;
				CLANG_WARN_CONSTANT_CONVERSION = YES;
				CLANG_WARN_DEPRECATED_OBJC_IMPLEMENTATIONS = YES;
				CLANG_WARN_DIRECT_OBJC_ISA_USAGE = YES_ERROR;
				CLANG_WARN_DOCUMENTATION_COMMENTS = YES;
				CLANG_WARN_EMPTY_BODY = YES;
				CLANG_WARN_ENUM_CONVERSION = YES;
				CLANG_WARN_INFINITE_RECURSION = YES;
				CLANG_WARN_INT_CONVERSION = YES;
				CLANG_WARN_NON_LITERAL_NULL_CONVERSION = YES;
				CLANG_WARN_OBJC_IMPLICIT_RETAIN_SELF = YES;
				CLANG_WARN_OBJC_LITERAL_CONVERSION = YES;
				CLANG_WARN_OBJC_ROOT_CLASS = YES_ERROR;
				CLANG_WARN_QUOTED_INCLUDE_IN_FRAMEWORK_HEADER = YES;
				CLANG_WARN_RANGE_LOOP_ANALYSIS = YES;
				CLANG_WARN_STRICT_PROTOTYPES = YES;
				CLANG_WARN_SUSPICIOUS_MOVE = YES;
				CLANG_WARN_UNGUARDED_AVAILABILITY = YES_AGGRESSIVE;
				CLANG_WARN_UNREACHABLE_CODE = YES;
				CLANG_WARN__DUPLICATE_METHOD_MATCH = YES;
				COPY_PHASE_STRIP = NO;
				DEAD_CODE_STRIPPING = YES;
				DEBUG_INFORMATION_FORMAT = "dwarf-with-dsym";
				ENABLE_NS_ASSERTIONS = NO;
				ENABLE_STRICT_OBJC_MSGSEND = YES;
				ENABLE_USER_SCRIPT_SANDBOXING = YES;
				GCC_C_LANGUAGE_STANDARD = gnu17;
				GCC_NO_COMMON_BLOCKS = YES;
				GCC_WARN_64_TO_32_BIT_CONVERSION = YES;
				GCC_WARN_ABOUT_RETURN_TYPE = YES_ERROR;
				GCC_WARN_UNDECLARED_SELECTOR = YES;
				GCC_WARN_UNINITIALIZED_AUTOS = YES_AGGRESSIVE;
				GCC_WARN_UNUSED_FUNCTION = YES;
				GCC_WARN_UNUSED_VARIABLE = YES;
				LOCALIZATION_PREFERS_STRING_CATALOGS = YES;
				MTL_ENABLE_DEBUG_INFO = NO;
				MTL_FAST_MATH = YES;
				SWIFT_COMPILATION_MODE = wholemodule;
			};
			name = Release;
		};
		CCFE261C2BCBEEB50032FD48 /* Debug */ = {
			isa = XCBuildConfiguration;
			buildSettings = {
				ASSETCATALOG_COMPILER_APPICON_NAME = AppIcon;
				ASSETCATALOG_COMPILER_GLOBAL_ACCENT_COLOR_NAME = AccentColor;
				CODE_SIGN_ENTITLEMENTS = Calcal/Calcal.entitlements;
				CODE_SIGN_STYLE = Automatic;
				CURRENT_PROJECT_VERSION = 1;
				DEAD_CODE_STRIPPING = YES;
				DEVELOPMENT_ASSET_PATHS = "\"Calcal/Preview Content\"";
				DEVELOPMENT_TEAM = S422Q897FZ;
				ENABLE_HARDENED_RUNTIME = YES;
				ENABLE_PREVIEWS = YES;
				GENERATE_INFOPLIST_FILE = YES;
				"INFOPLIST_KEY_UIApplicationSceneManifest_Generation[sdk=iphoneos*]" = YES;
				"INFOPLIST_KEY_UIApplicationSceneManifest_Generation[sdk=iphonesimulator*]" = YES;
				"INFOPLIST_KEY_UIApplicationSupportsIndirectInputEvents[sdk=iphoneos*]" = YES;
				"INFOPLIST_KEY_UIApplicationSupportsIndirectInputEvents[sdk=iphonesimulator*]" = YES;
				"INFOPLIST_KEY_UILaunchScreen_Generation[sdk=iphoneos*]" = YES;
				"INFOPLIST_KEY_UILaunchScreen_Generation[sdk=iphonesimulator*]" = YES;
				"INFOPLIST_KEY_UIStatusBarStyle[sdk=iphoneos*]" = UIStatusBarStyleDefault;
				"INFOPLIST_KEY_UIStatusBarStyle[sdk=iphonesimulator*]" = UIStatusBarStyleDefault;
				INFOPLIST_KEY_UISupportedInterfaceOrientations_iPad = "UIInterfaceOrientationPortrait UIInterfaceOrientationPortraitUpsideDown UIInterfaceOrientationLandscapeLeft UIInterfaceOrientationLandscapeRight";
				INFOPLIST_KEY_UISupportedInterfaceOrientations_iPhone = "UIInterfaceOrientationPortrait UIInterfaceOrientationLandscapeLeft UIInterfaceOrientationLandscapeRight";
				IPHONEOS_DEPLOYMENT_TARGET = 17.0;
				LD_RUNPATH_SEARCH_PATHS = "@executable_path/Frameworks";
				"LD_RUNPATH_SEARCH_PATHS[sdk=macosx*]" = "@executable_path/../Frameworks";
				MACOSX_DEPLOYMENT_TARGET = 14.0;
				MARKETING_VERSION = 1.0;
				PRODUCT_BUNDLE_IDENTIFIER = com.ysoftware.Calcal;
				PRODUCT_NAME = "$(TARGET_NAME)";
				SDKROOT = auto;
				SUPPORTED_PLATFORMS = "iphoneos iphonesimulator macosx";
				SWIFT_EMIT_LOC_STRINGS = YES;
				SWIFT_STRICT_CONCURRENCY = complete;
				SWIFT_VERSION = 5.0;
				TARGETED_DEVICE_FAMILY = "1,2";
			};
			name = Debug;
		};
		CCFE261D2BCBEEB50032FD48 /* Release */ = {
			isa = XCBuildConfiguration;
			buildSettings = {
				ASSETCATALOG_COMPILER_APPICON_NAME = AppIcon;
				ASSETCATALOG_COMPILER_GLOBAL_ACCENT_COLOR_NAME = AccentColor;
				CODE_SIGN_ENTITLEMENTS = Calcal/Calcal.entitlements;
				CODE_SIGN_STYLE = Automatic;
				CURRENT_PROJECT_VERSION = 1;
				DEAD_CODE_STRIPPING = YES;
				DEVELOPMENT_ASSET_PATHS = "\"Calcal/Preview Content\"";
				DEVELOPMENT_TEAM = S422Q897FZ;
				ENABLE_HARDENED_RUNTIME = YES;
				ENABLE_PREVIEWS = YES;
				GENERATE_INFOPLIST_FILE = YES;
				"INFOPLIST_KEY_UIApplicationSceneManifest_Generation[sdk=iphoneos*]" = YES;
				"INFOPLIST_KEY_UIApplicationSceneManifest_Generation[sdk=iphonesimulator*]" = YES;
				"INFOPLIST_KEY_UIApplicationSupportsIndirectInputEvents[sdk=iphoneos*]" = YES;
				"INFOPLIST_KEY_UIApplicationSupportsIndirectInputEvents[sdk=iphonesimulator*]" = YES;
				"INFOPLIST_KEY_UILaunchScreen_Generation[sdk=iphoneos*]" = YES;
				"INFOPLIST_KEY_UILaunchScreen_Generation[sdk=iphonesimulator*]" = YES;
				"INFOPLIST_KEY_UIStatusBarStyle[sdk=iphoneos*]" = UIStatusBarStyleDefault;
				"INFOPLIST_KEY_UIStatusBarStyle[sdk=iphonesimulator*]" = UIStatusBarStyleDefault;
				INFOPLIST_KEY_UISupportedInterfaceOrientations_iPad = "UIInterfaceOrientationPortrait UIInterfaceOrientationPortraitUpsideDown UIInterfaceOrientationLandscapeLeft UIInterfaceOrientationLandscapeRight";
				INFOPLIST_KEY_UISupportedInterfaceOrientations_iPhone = "UIInterfaceOrientationPortrait UIInterfaceOrientationLandscapeLeft UIInterfaceOrientationLandscapeRight";
				IPHONEOS_DEPLOYMENT_TARGET = 17.0;
				LD_RUNPATH_SEARCH_PATHS = "@executable_path/Frameworks";
				"LD_RUNPATH_SEARCH_PATHS[sdk=macosx*]" = "@executable_path/../Frameworks";
				MACOSX_DEPLOYMENT_TARGET = 14.0;
				MARKETING_VERSION = 1.0;
				PRODUCT_BUNDLE_IDENTIFIER = com.ysoftware.Calcal;
				PRODUCT_NAME = "$(TARGET_NAME)";
				SDKROOT = auto;
				SUPPORTED_PLATFORMS = "iphoneos iphonesimulator macosx";
				SWIFT_EMIT_LOC_STRINGS = YES;
				SWIFT_STRICT_CONCURRENCY = complete;
				SWIFT_VERSION = 5.0;
				TARGETED_DEVICE_FAMILY = "1,2";
			};
			name = Release;
		};
/* End XCBuildConfiguration section */

/* Begin XCConfigurationList section */
		CC4EACAA2BD1A90E00DF94ED /* Build configuration list for PBXNativeTarget "CalcalTests" */ = {
			isa = XCConfigurationList;
			buildConfigurations = (
				CC4EACAB2BD1A90E00DF94ED /* Debug */,
				CC4EACAC2BD1A90E00DF94ED /* Release */,
			);
			defaultConfigurationIsVisible = 0;
			defaultConfigurationName = Release;
		};
		CCFE26072BCBEEB50032FD48 /* Build configuration list for PBXProject "Calcal" */ = {
			isa = XCConfigurationList;
			buildConfigurations = (
				CCFE26192BCBEEB50032FD48 /* Debug */,
				CCFE261A2BCBEEB50032FD48 /* Release */,
			);
			defaultConfigurationIsVisible = 0;
			defaultConfigurationName = Release;
		};
		CCFE261B2BCBEEB50032FD48 /* Build configuration list for PBXNativeTarget "Calcal" */ = {
			isa = XCConfigurationList;
			buildConfigurations = (
				CCFE261C2BCBEEB50032FD48 /* Debug */,
				CCFE261D2BCBEEB50032FD48 /* Release */,
			);
			defaultConfigurationIsVisible = 0;
			defaultConfigurationName = Release;
		};
/* End XCConfigurationList section */

/* Begin XCRemoteSwiftPackageReference section */
		CC229D5F2BDBC84000DC57D0 /* XCRemoteSwiftPackageReference "swift-algorithms" */ = {
			isa = XCRemoteSwiftPackageReference;
			repositoryURL = "https://github.com/apple/swift-algorithms.git";
			requirement = {
				kind = upToNextMajorVersion;
				minimumVersion = 1.2.0;
			};
		};
/* End XCRemoteSwiftPackageReference section */

/* Begin XCSwiftPackageProductDependency section */
		CC229D612BDBC89700DC57D0 /* Algorithms */ = {
			isa = XCSwiftPackageProductDependency;
			package = CC229D5F2BDBC84000DC57D0 /* XCRemoteSwiftPackageReference "swift-algorithms" */;
			productName = Algorithms;
		};
/* End XCSwiftPackageProductDependency section */
	};
	rootObject = CCFE26042BCBEEB50032FD48 /* Project object */;
}
